
Microsoft Visual Studio Solution File, Format Version 12.00
# Visual Studio Version 17
VisualStudioVersion = 17.10.34916.146
MinimumVisualStudioVersion = 10.0.40219.1
Project("{9A19103F-16F7-4668-BE54-9A1E7A4F7556}") = "InsuranceDetails", "InsuranceDetails\InsuranceDetails.csproj", "{1D5D9E34-9786-408D-9352-115E97046001}"
EndProject
Project("{FAE04EC0-301F-11D3-BF4B-00C04F79EFBC}") = "InsuranceDetails.Tests", "InsuranceDetails.Tests\InsuranceDetails.Tests.csproj", "{E6128BF9-7947-47B9-BBDA-FAD71FCA2BEB}"
EndProject
Global
	GlobalSection(SolutionConfigurationPlatforms) = preSolution
		Debug|Any CPU = Debug|Any CPU
		Release|Any CPU = Release|Any CPU
	EndGlobalSection
	GlobalSection(ProjectConfigurationPlatforms) = postSolution
		{1D5D9E34-9786-408D-9352-115E97046001}.Debug|Any CPU.ActiveCfg = Debug|Any CPU
		{1D5D9E34-9786-408D-9352-115E97046001}.Debug|Any CPU.Build.0 = Debug|Any CPU
		{1D5D9E34-9786-408D-9352-115E97046001}.Release|Any CPU.ActiveCfg = Release|Any CPU
		{1D5D9E34-9786-408D-9352-115E97046001}.Release|Any CPU.Build.0 = Release|Any CPU
		{E6128BF9-7947-47B9-BBDA-FAD71FCA2BEB}.Debug|Any CPU.ActiveCfg = Debug|Any CPU
		{E6128BF9-7947-47B9-BBDA-FAD71FCA2BEB}.Debug|Any CPU.Build.0 = Debug|Any CPU
		{E6128BF9-7947-47B9-BBDA-FAD71FCA2BEB}.Release|Any CPU.ActiveCfg = Release|Any CPU
		{E6128BF9-7947-47B9-BBDA-FAD71FCA2BEB}.Release|Any CPU.Build.0 = Release|Any CPU
	EndGlobalSection
	GlobalSection(SolutionProperties) = preSolution
		HideSolutionNode = FALSE
	EndGlobalSection
	GlobalSection(ExtensibilityGlobals) = postSolution
		SolutionGuid = {3A668F4C-E2DC-4954-8437-A25096E2D78A}
	EndGlobalSection
EndGlobal
