
Microsoft Visual Studio Solution File, Format Version 12.00
# Visual Studio Version 17
VisualStudioVersion = 17.10.35013.160
MinimumVisualStudioVersion = 10.0.40219.1
Project("{FAE04EC0-301F-11D3-BF4B-00C04F79EFBC}") = "PolicyUpdateNotifier", "PolicyUpdateNotifier\PolicyUpdateNotifier.csproj", "{0003A610-C3C7-4B31-86D0-75028188A82F}"
EndProject
Project("{FAE04EC0-301F-11D3-BF4B-00C04F79EFBC}") = "PolicyUpdateNotifier.Tests", "PolicyUpdateNotifier.Tests\PolicyUpdateNotifier.Tests.csproj", "{314CECBA-8903-43D8-B95E-5765B28DF718}"
EndProject
Global
	GlobalSection(SolutionConfigurationPlatforms) = preSolution
		Debug|Any CPU = Debug|Any CPU
		Release|Any CPU = Release|Any CPU
	EndGlobalSection
	GlobalSection(ProjectConfigurationPlatforms) = postSolution
		{0003A610-C3C7-4B31-86D0-75028188A82F}.Debug|Any CPU.ActiveCfg = Debug|Any CPU
		{0003A610-C3C7-4B31-86D0-75028188A82F}.Debug|Any CPU.Build.0 = Debug|Any CPU
		{0003A610-C3C7-4B31-86D0-75028188A82F}.Release|Any CPU.ActiveCfg = Release|Any CPU
		{0003A610-C3C7-4B31-86D0-75028188A82F}.Release|Any CPU.Build.0 = Release|Any CPU
		{314CECBA-8903-43D8-B95E-5765B28DF718}.Debug|Any CPU.ActiveCfg = Debug|Any CPU
		{314CECBA-8903-43D8-B95E-5765B28DF718}.Debug|Any CPU.Build.0 = Debug|Any CPU
		{314CECBA-8903-43D8-B95E-5765B28DF718}.Release|Any CPU.ActiveCfg = Release|Any CPU
		{314CECBA-8903-43D8-B95E-5765B28DF718}.Release|Any CPU.Build.0 = Release|Any CPU
	EndGlobalSection
	GlobalSection(SolutionProperties) = preSolution
		HideSolutionNode = FALSE
	EndGlobalSection
	GlobalSection(ExtensibilityGlobals) = postSolution
		SolutionGuid = {92AD1C00-98F7-4558-803D-769A0E556F8A}
	EndGlobalSection
EndGlobal
