
Microsoft Visual Studio Solution File, Format Version 12.00
# Visual Studio Version 17
VisualStudioVersion = 17.10.35013.160
MinimumVisualStudioVersion = 10.0.40219.1
Project("{FAE04EC0-301F-11D3-BF4B-00C04F79EFBC}") = "InsuranceCoverDetails", "InsuranceCoverDetails\InsuranceCoverDetails.csproj", "{F52DC518-87AD-44CC-9030-EA144888E428}"
EndProject
Global
	GlobalSection(SolutionConfigurationPlatforms) = preSolution
		Debug|Any CPU = Debug|Any CPU
		Release|Any CPU = Release|Any CPU
	EndGlobalSection
	GlobalSection(ProjectConfigurationPlatforms) = postSolution
		{F52DC518-87AD-44CC-9030-EA144888E428}.Debug|Any CPU.ActiveCfg = Debug|Any CPU
		{F52DC518-87AD-44CC-9030-EA144888E428}.Debug|Any CPU.Build.0 = Debug|Any CPU
		{F52DC518-87AD-44CC-9030-EA144888E428}.Release|Any CPU.ActiveCfg = Release|Any CPU
		{F52DC518-87AD-44CC-9030-EA144888E428}.Release|Any CPU.Build.0 = Release|Any CPU
	EndGlobalSection
	GlobalSection(SolutionProperties) = preSolution
		HideSolutionNode = FALSE
	EndGlobalSection
	GlobalSection(ExtensibilityGlobals) = postSolution
		SolutionGuid = {A968B75A-2EF3-4D7F-909C-8174394B417E}
	EndGlobalSection
EndGlobal
