
Microsoft Visual Studio Solution File, Format Version 12.00
# Visual Studio Version 17
VisualStudioVersion = 17.10.35013.160
MinimumVisualStudioVersion = 10.0.40219.1
Project("{9A19103F-16F7-4668-BE54-9A1E7A4F7556}") = "InsuranceManager", "InsuranceManager\InsuranceManager.csproj", "{AEC31E99-B1AF-4302-9696-E04EE0A00341}"
EndProject
Project("{FAE04EC0-301F-11D3-BF4B-00C04F79EFBC}") = "InsuranceManager.Tests", "InsuranceManager.Tests\InsuranceManager.Tests.csproj", "{918BD83B-85C8-4283-AB94-4897EE8D849A}"
EndProject
Global
	GlobalSection(SolutionConfigurationPlatforms) = preSolution
		Debug|Any CPU = Debug|Any CPU
		Release|Any CPU = Release|Any CPU
	EndGlobalSection
	GlobalSection(ProjectConfigurationPlatforms) = postSolution
		{AEC31E99-B1AF-4302-9696-E04EE0A00341}.Debug|Any CPU.ActiveCfg = Debug|Any CPU
		{AEC31E99-B1AF-4302-9696-E04EE0A00341}.Debug|Any CPU.Build.0 = Debug|Any CPU
		{AEC31E99-B1AF-4302-9696-E04EE0A00341}.Release|Any CPU.ActiveCfg = Release|Any CPU
		{AEC31E99-B1AF-4302-9696-E04EE0A00341}.Release|Any CPU.Build.0 = Release|Any CPU
		{918BD83B-85C8-4283-AB94-4897EE8D849A}.Debug|Any CPU.ActiveCfg = Debug|Any CPU
		{918BD83B-85C8-4283-AB94-4897EE8D849A}.Debug|Any CPU.Build.0 = Debug|Any CPU
		{918BD83B-85C8-4283-AB94-4897EE8D849A}.Release|Any CPU.ActiveCfg = Release|Any CPU
		{918BD83B-85C8-4283-AB94-4897EE8D849A}.Release|Any CPU.Build.0 = Release|Any CPU
	EndGlobalSection
	GlobalSection(SolutionProperties) = preSolution
		HideSolutionNode = FALSE
	EndGlobalSection
	GlobalSection(ExtensibilityGlobals) = postSolution
		SolutionGuid = {C122867C-BFEA-4560-81BD-D73B36038D4E}
	EndGlobalSection
EndGlobal
